
Microsoft Visual Studio Solution File, Format Version 12.00
# Visual Studio Version 17
VisualStudioVersion = 17.5.002.0
MinimumVisualStudioVersion = 10.0.40219.1
Project("{9A19103F-16F7-4668-BE54-9A1E7A4F7556}") = "ExemploFundamentos", "ExemploFundamentos\ExemploFundamentos.csproj", "{3831117A-4723-4FE8-A958-79009AF78D14}"
EndProject
Project("{FAE04EC0-301F-11D3-BF4B-00C04F79EFBC}") = "ExemploFundamentos.Common", "ExemploFundamentos.Common\ExemploFundamentos.Common.csproj", "{96A9119C-31BE-40FB-A420-65EE0B5575B0}"
EndProject
Global
	GlobalSection(SolutionConfigurationPlatforms) = preSolution
		Debug|Any CPU = Debug|Any CPU
		Release|Any CPU = Release|Any CPU
	EndGlobalSection
	GlobalSection(ProjectConfigurationPlatforms) = postSolution
		{3831117A-4723-4FE8-A958-79009AF78D14}.Debug|Any CPU.ActiveCfg = Debug|Any CPU
		{3831117A-4723-4FE8-A958-79009AF78D14}.Debug|Any CPU.Build.0 = Debug|Any CPU
		{3831117A-4723-4FE8-A958-79009AF78D14}.Release|Any CPU.ActiveCfg = Release|Any CPU
		{3831117A-4723-4FE8-A958-79009AF78D14}.Release|Any CPU.Build.0 = Release|Any CPU
		{5192983D-5C2F-4579-BCC2-BEE4FA456FF6}.Debug|Any CPU.ActiveCfg = Debug|Any CPU
		{5192983D-5C2F-4579-BCC2-BEE4FA456FF6}.Debug|Any CPU.Build.0 = Debug|Any CPU
		{5192983D-5C2F-4579-BCC2-BEE4FA456FF6}.Release|Any CPU.ActiveCfg = Release|Any CPU
		{5192983D-5C2F-4579-BCC2-BEE4FA456FF6}.Release|Any CPU.Build.0 = Release|Any CPU
		{96A9119C-31BE-40FB-A420-65EE0B5575B0}.Debug|Any CPU.ActiveCfg = Debug|Any CPU
		{96A9119C-31BE-40FB-A420-65EE0B5575B0}.Debug|Any CPU.Build.0 = Debug|Any CPU
		{96A9119C-31BE-40FB-A420-65EE0B5575B0}.Release|Any CPU.ActiveCfg = Release|Any CPU
		{96A9119C-31BE-40FB-A420-65EE0B5575B0}.Release|Any CPU.Build.0 = Release|Any CPU
	EndGlobalSection
	GlobalSection(SolutionProperties) = preSolution
		HideSolutionNode = FALSE
	EndGlobalSection
	GlobalSection(ExtensibilityGlobals) = postSolution
		SolutionGuid = {37929EC9-F86D-4FC8-A0AB-5CEE79D5C069}
	EndGlobalSection
EndGlobal
